
Microsoft Visual Studio Solution File, Format Version 12.00
# Visual Studio 15
VisualStudioVersion = 15.0.27130.2010
MinimumVisualStudioVersion = 10.0.40219.1
Project("{FAE04EC0-301F-11D3-BF4B-00C04F79EFBC}") = "eris", "eris\eris.csproj", "{BFC2310B-7BC1-4ECA-AE5B-2446BE3CDEF0}"
EndProject
Global
	GlobalSection(SolutionConfigurationPlatforms) = preSolution
		Debug|Any CPU = Debug|Any CPU
		Release|Any CPU = Release|Any CPU
	EndGlobalSection
	GlobalSection(ProjectConfigurationPlatforms) = postSolution
		{BFC2310B-7BC1-4ECA-AE5B-2446BE3CDEF0}.Debug|Any CPU.ActiveCfg = Debug|Any CPU
		{BFC2310B-7BC1-4ECA-AE5B-2446BE3CDEF0}.Debug|Any CPU.Build.0 = Debug|Any CPU
		{BFC2310B-7BC1-4ECA-AE5B-2446BE3CDEF0}.Release|Any CPU.ActiveCfg = Release|Any CPU
		{BFC2310B-7BC1-4ECA-AE5B-2446BE3CDEF0}.Release|Any CPU.Build.0 = Release|Any CPU
	EndGlobalSection
	GlobalSection(SolutionProperties) = preSolution
		HideSolutionNode = FALSE
	EndGlobalSection
	GlobalSection(ExtensibilityGlobals) = postSolution
		SolutionGuid = {02CC558E-F391-44FA-AD6C-C9119BD249ED}
	EndGlobalSection
EndGlobal
